
Microsoft Visual Studio Solution File, Format Version 12.00
# Visual Studio Version 17
VisualStudioVersion = 17.0.31903.59
MinimumVisualStudioVersion = 10.0.40219.1
Project("{FAE04EC0-301F-11D3-BF4B-00C04F79EFBC}") = "WallyAnmRenderer", "WallyAnmRenderer\WallyAnmRenderer.csproj", "{CC052B28-7998-4A7B-9C76-3587C9BC0618}"
EndProject
Project("{FAE04EC0-301F-11D3-BF4B-00C04F79EFBC}") = "BrawlhallaAnimLib", "BrawlhallaAnimLib\BrawlhallaAnimLib.csproj", "{54202F80-7EB8-4211-9F35-FBE975C6EC4B}"
EndProject
Global
	GlobalSection(SolutionConfigurationPlatforms) = preSolution
		Debug|Any CPU = Debug|Any CPU
		Release|Any CPU = Release|Any CPU
	EndGlobalSection
	GlobalSection(SolutionProperties) = preSolution
		HideSolutionNode = FALSE
	EndGlobalSection
	GlobalSection(ProjectConfigurationPlatforms) = postSolution
		{CC052B28-7998-4A7B-9C76-3587C9BC0618}.Debug|Any CPU.ActiveCfg = Debug|Any CPU
		{CC052B28-7998-4A7B-9C76-3587C9BC0618}.Debug|Any CPU.Build.0 = Debug|Any CPU
		{CC052B28-7998-4A7B-9C76-3587C9BC0618}.Release|Any CPU.ActiveCfg = Release|Any CPU
		{CC052B28-7998-4A7B-9C76-3587C9BC0618}.Release|Any CPU.Build.0 = Release|Any CPU
		{54202F80-7EB8-4211-9F35-FBE975C6EC4B}.Debug|Any CPU.ActiveCfg = Debug|Any CPU
		{54202F80-7EB8-4211-9F35-FBE975C6EC4B}.Debug|Any CPU.Build.0 = Debug|Any CPU
		{54202F80-7EB8-4211-9F35-FBE975C6EC4B}.Release|Any CPU.ActiveCfg = Release|Any CPU
		{54202F80-7EB8-4211-9F35-FBE975C6EC4B}.Release|Any CPU.Build.0 = Release|Any CPU
	EndGlobalSection
EndGlobal
